
Microsoft Visual Studio Solution File, Format Version 12.00
# Visual Studio Version 17
VisualStudioVersion = 17.9.34616.47
MinimumVisualStudioVersion = 10.0.40219.1
Project("{9A19103F-16F7-4668-BE54-9A1E7A4F7556}") = "WorthBoards.Api", "WorthBoards.Api\WorthBoards.Api.csproj", "{30D4FACA-F78F-4B2E-83F4-811F1BAFF42C}"
EndProject
Project("{9A19103F-16F7-4668-BE54-9A1E7A4F7556}") = "WorthBoards.Business", "WorthBoards.Business\WorthBoards.Business.csproj", "{6CCAA3F2-99C3-4853-9FD7-B5918A0743DB}"
EndProject
Project("{9A19103F-16F7-4668-BE54-9A1E7A4F7556}") = "WorthBoards.Common", "WorthBoards.Common\WorthBoards.Common.csproj", "{64012653-5EF8-4C2E-A00E-2F22AA6D20D1}"
EndProject
Project("{9A19103F-16F7-4668-BE54-9A1E7A4F7556}") = "WorthBoards.Data", "WorthBoards.Data\WorthBoards.Data.csproj", "{30DE4828-9526-42F1-82D1-EF626228C6C9}"
EndProject
Project("{FAE04EC0-301F-11D3-BF4B-00C04F79EFBC}") = "WorthBoards.Domain", "WorthBoards.Domain\WorthBoards.Domain.csproj", "{E0D9CC0E-9C3C-4CCA-A4F1-467A6D530343}"
EndProject
Global
	GlobalSection(SolutionConfigurationPlatforms) = preSolution
		Debug|Any CPU = Debug|Any CPU
		Release|Any CPU = Release|Any CPU
	EndGlobalSection
	GlobalSection(ProjectConfigurationPlatforms) = postSolution
		{30D4FACA-F78F-4B2E-83F4-811F1BAFF42C}.Debug|Any CPU.ActiveCfg = Debug|Any CPU
		{30D4FACA-F78F-4B2E-83F4-811F1BAFF42C}.Debug|Any CPU.Build.0 = Debug|Any CPU
		{30D4FACA-F78F-4B2E-83F4-811F1BAFF42C}.Release|Any CPU.ActiveCfg = Release|Any CPU
		{30D4FACA-F78F-4B2E-83F4-811F1BAFF42C}.Release|Any CPU.Build.0 = Release|Any CPU
		{6CCAA3F2-99C3-4853-9FD7-B5918A0743DB}.Debug|Any CPU.ActiveCfg = Debug|Any CPU
		{6CCAA3F2-99C3-4853-9FD7-B5918A0743DB}.Debug|Any CPU.Build.0 = Debug|Any CPU
		{6CCAA3F2-99C3-4853-9FD7-B5918A0743DB}.Release|Any CPU.ActiveCfg = Release|Any CPU
		{6CCAA3F2-99C3-4853-9FD7-B5918A0743DB}.Release|Any CPU.Build.0 = Release|Any CPU
		{64012653-5EF8-4C2E-A00E-2F22AA6D20D1}.Debug|Any CPU.ActiveCfg = Debug|Any CPU
		{64012653-5EF8-4C2E-A00E-2F22AA6D20D1}.Debug|Any CPU.Build.0 = Debug|Any CPU
		{64012653-5EF8-4C2E-A00E-2F22AA6D20D1}.Release|Any CPU.ActiveCfg = Release|Any CPU
		{64012653-5EF8-4C2E-A00E-2F22AA6D20D1}.Release|Any CPU.Build.0 = Release|Any CPU
		{30DE4828-9526-42F1-82D1-EF626228C6C9}.Debug|Any CPU.ActiveCfg = Debug|Any CPU
		{30DE4828-9526-42F1-82D1-EF626228C6C9}.Debug|Any CPU.Build.0 = Debug|Any CPU
		{30DE4828-9526-42F1-82D1-EF626228C6C9}.Release|Any CPU.ActiveCfg = Release|Any CPU
		{30DE4828-9526-42F1-82D1-EF626228C6C9}.Release|Any CPU.Build.0 = Release|Any CPU
		{E0D9CC0E-9C3C-4CCA-A4F1-467A6D530343}.Debug|Any CPU.ActiveCfg = Debug|Any CPU
		{E0D9CC0E-9C3C-4CCA-A4F1-467A6D530343}.Debug|Any CPU.Build.0 = Debug|Any CPU
		{E0D9CC0E-9C3C-4CCA-A4F1-467A6D530343}.Release|Any CPU.ActiveCfg = Release|Any CPU
		{E0D9CC0E-9C3C-4CCA-A4F1-467A6D530343}.Release|Any CPU.Build.0 = Release|Any CPU
	EndGlobalSection
	GlobalSection(SolutionProperties) = preSolution
		HideSolutionNode = FALSE
	EndGlobalSection
	GlobalSection(ExtensibilityGlobals) = postSolution
		SolutionGuid = {C79ECE47-A5CD-427E-901B-1741545AD3B1}
	EndGlobalSection
EndGlobal
